
Microsoft Visual Studio Solution File, Format Version 12.00
# Visual Studio 15
VisualStudioVersion = 15.0.27004.2006
MinimumVisualStudioVersion = 10.0.40219.1
Project("{9A19103F-16F7-4668-BE54-9A1E7A4F7556}") = "01. EvenNumbersThread", "01. EvenNumbersThread\01. EvenNumbersThread.csproj", "{F7AF1FAE-9034-4F6F-8F03-718BDFB1F575}"
EndProject
Project("{9A19103F-16F7-4668-BE54-9A1E7A4F7556}") = "02. SliceFile", "02. SliceFile\02. SliceFile.csproj", "{9F58D220-E700-45F0-BE6D-40ACCABEB850}"
EndProject
Project("{FAE04EC0-301F-11D3-BF4B-00C04F79EFBC}") = "03. SimpleWebServer", "03. SimpleWebServer\03. SimpleWebServer.csproj", "{4C639967-281D-4A82-AAD2-4B8299DE1DDE}"
EndProject
Global
	GlobalSection(SolutionConfigurationPlatforms) = preSolution
		Debug|Any CPU = Debug|Any CPU
		Release|Any CPU = Release|Any CPU
	EndGlobalSection
	GlobalSection(ProjectConfigurationPlatforms) = postSolution
		{F7AF1FAE-9034-4F6F-8F03-718BDFB1F575}.Debug|Any CPU.ActiveCfg = Debug|Any CPU
		{F7AF1FAE-9034-4F6F-8F03-718BDFB1F575}.Debug|Any CPU.Build.0 = Debug|Any CPU
		{F7AF1FAE-9034-4F6F-8F03-718BDFB1F575}.Release|Any CPU.ActiveCfg = Release|Any CPU
		{F7AF1FAE-9034-4F6F-8F03-718BDFB1F575}.Release|Any CPU.Build.0 = Release|Any CPU
		{9F58D220-E700-45F0-BE6D-40ACCABEB850}.Debug|Any CPU.ActiveCfg = Debug|Any CPU
		{9F58D220-E700-45F0-BE6D-40ACCABEB850}.Debug|Any CPU.Build.0 = Debug|Any CPU
		{9F58D220-E700-45F0-BE6D-40ACCABEB850}.Release|Any CPU.ActiveCfg = Release|Any CPU
		{9F58D220-E700-45F0-BE6D-40ACCABEB850}.Release|Any CPU.Build.0 = Release|Any CPU
		{4C639967-281D-4A82-AAD2-4B8299DE1DDE}.Debug|Any CPU.ActiveCfg = Debug|Any CPU
		{4C639967-281D-4A82-AAD2-4B8299DE1DDE}.Debug|Any CPU.Build.0 = Debug|Any CPU
		{4C639967-281D-4A82-AAD2-4B8299DE1DDE}.Release|Any CPU.ActiveCfg = Release|Any CPU
		{4C639967-281D-4A82-AAD2-4B8299DE1DDE}.Release|Any CPU.Build.0 = Release|Any CPU
	EndGlobalSection
	GlobalSection(SolutionProperties) = preSolution
		HideSolutionNode = FALSE
	EndGlobalSection
	GlobalSection(ExtensibilityGlobals) = postSolution
		SolutionGuid = {6FF949BB-0107-44AA-9A5D-0B605B08712A}
	EndGlobalSection
EndGlobal
